// !$*UTF8*$!
{
	archiveVersion = 1;
	classes = {
	};
	objectVersion = 55;
	objects = {

/* Begin PBXBuildFile section */
		34145F3928CFDF3300B073ED /* AppDelegate.swift in Sources */ = {isa = PBXBuildFile; fileRef = 34145F3828CFDF3300B073ED /* AppDelegate.swift */; };
		34145F3B28CFDF3300B073ED /* SceneDelegate.swift in Sources */ = {isa = PBXBuildFile; fileRef = 34145F3A28CFDF3300B073ED /* SceneDelegate.swift */; };
		34145F3D28CFDF3300B073ED /* ViewController.swift in Sources */ = {isa = PBXBuildFile; fileRef = 34145F3C28CFDF3300B073ED /* ViewController.swift */; };
		34145F4228CFDF3400B073ED /* Assets.xcassets in Resources */ = {isa = PBXBuildFile; fileRef = 34145F4128CFDF3400B073ED /* Assets.xcassets */; };
		34145F4528CFDF3400B073ED /* LaunchScreen.storyboard in Resources */ = {isa = PBXBuildFile; fileRef = 34145F4328CFDF3400B073ED /* LaunchScreen.storyboard */; };
		34145F4E28CFE0E000B073ED /* FirebaseAuth in Frameworks */ = {isa = PBXBuildFile; productRef = 34145F4D28CFE0E000B073ED /* FirebaseAuth */; };
		34145F5028CFE0E000B073ED /* FirebaseFirestore in Frameworks */ = {isa = PBXBuildFile; productRef = 34145F4F28CFE0E000B073ED /* FirebaseFirestore */; };
		34145F5228CFE0E000B073ED /* FirebaseFirestoreSwift in Frameworks */ = {isa = PBXBuildFile; productRef = 34145F5128CFE0E000B073ED /* FirebaseFirestoreSwift */; };
		34145F5428CFE0E000B073ED /* FirebaseStorage in Frameworks */ = {isa = PBXBuildFile; productRef = 34145F5328CFE0E000B073ED /* FirebaseStorage */; };
		34145F5628CFE15F00B073ED /* GoogleService-Info.plist in Resources */ = {isa = PBXBuildFile; fileRef = 34145F5528CFE15F00B073ED /* GoogleService-Info.plist */; };
		34145F5928CFED5D00B073ED /* NFChelper.swift in Sources */ = {isa = PBXBuildFile; fileRef = 34145F5828CFED5D00B073ED /* NFChelper.swift */; };
		34555B7C28F7DD4000F36FA7 /* FormVC.swift in Sources */ = {isa = PBXBuildFile; fileRef = 34555B7B28F7DD4000F36FA7 /* FormVC.swift */; };
		34FCA43828EABFBB0011CB46 /* girl2.png in Resources */ = {isa = PBXBuildFile; fileRef = 34FCA43728EABFBB0011CB46 /* girl2.png */; };
		53415F2E28D1E878005DFA19 /* AdvisorVC.swift in Sources */ = {isa = PBXBuildFile; fileRef = 53415F2D28D1E878005DFA19 /* AdvisorVC.swift */; };
		53415F3028D1E87E005DFA19 /* CurrentVC.swift in Sources */ = {isa = PBXBuildFile; fileRef = 53415F2F28D1E87E005DFA19 /* CurrentVC.swift */; };
		53415F3228D1E886005DFA19 /* CheckInVC.swift in Sources */ = {isa = PBXBuildFile; fileRef = 53415F3128D1E886005DFA19 /* CheckInVC.swift */; };
		53415F3428D1E88C005DFA19 /* ProfileViewContoller.swift in Sources */ = {isa = PBXBuildFile; fileRef = 53415F3328D1E88C005DFA19 /* ProfileViewContoller.swift */; };
		53415F3628D1E893005DFA19 /* CourseViewController.swift in Sources */ = {isa = PBXBuildFile; fileRef = 53415F3528D1E892005DFA19 /* CourseViewController.swift */; };
		53415F3828D1E899005DFA19 /* loginController.swift in Sources */ = {isa = PBXBuildFile; fileRef = 53415F3728D1E899005DFA19 /* loginController.swift */; };
		53415F3A28D1E8A2005DFA19 /* Global.swift in Sources */ = {isa = PBXBuildFile; fileRef = 53415F3928D1E8A2005DFA19 /* Global.swift */; };
		53415F3C28D1E8B7005DFA19 /* LecturerProfileVC.swift in Sources */ = {isa = PBXBuildFile; fileRef = 53415F3B28D1E8B6005DFA19 /* LecturerProfileVC.swift */; };
		53415F3E28D1E8C3005DFA19 /* SectionsVC.swift in Sources */ = {isa = PBXBuildFile; fileRef = 53415F3D28D1E8C3005DFA19 /* SectionsVC.swift */; };
		53415F4028D1E8E3005DFA19 /* DetailsViewController.swift in Sources */ = {isa = PBXBuildFile; fileRef = 53415F3F28D1E8E3005DFA19 /* DetailsViewController.swift */; };
		53415F4228D1E923005DFA19 /* Main.storyboard in Resources */ = {isa = PBXBuildFile; fileRef = 53415F4128D1E923005DFA19 /* Main.storyboard */; };
		53415F4828D23721005DFA19 /* Att.jpg in Resources */ = {isa = PBXBuildFile; fileRef = 53415F4728D23720005DFA19 /* Att.jpg */; };
		53415F4E28D8DA54005DFA19 /* readCsv.swift in Sources */ = {isa = PBXBuildFile; fileRef = 53415F4D28D8DA54005DFA19 /* readCsv.swift */; };
		5351558A28EDBBD300EFA29D /* SectionController.swift in Sources */ = {isa = PBXBuildFile; fileRef = 5351558928EDBBD300EFA29D /* SectionController.swift */; };
		5351559028EE2F9C00EFA29D /* b1.png in Resources */ = {isa = PBXBuildFile; fileRef = 5351558F28EE2F9C00EFA29D /* b1.png */; };
		5351559228F0C39F00EFA29D /* TableViewhistoryStu.swift in Sources */ = {isa = PBXBuildFile; fileRef = 5351559128F0C39F00EFA29D /* TableViewhistoryStu.swift */; };
		5351559828F4D33F00EFA29D /* currentClassTableview.swift in Sources */ = {isa = PBXBuildFile; fileRef = 5351559728F4D33D00EFA29D /* currentClassTableview.swift */; };
		5358E21B28E31C9200F423DB /* Notificationpublisher.swift in Sources */ = {isa = PBXBuildFile; fileRef = 5358E21A28E31C9200F423DB /* Notificationpublisher.swift */; };
		5358E22128E329C000F423DB /* notificationHand.swift in Sources */ = {isa = PBXBuildFile; fileRef = 5358E22028E329C000F423DB /* notificationHand.swift */; };
		5358E22328E3651700F423DB /* sectionLectures.swift in Sources */ = {isa = PBXBuildFile; fileRef = 5358E22228E3651700F423DB /* sectionLectures.swift */; };
		5358E22B28E3897100F423DB /* ManualAttViewController.swift in Sources */ = {isa = PBXBuildFile; fileRef = 5358E22A28E3897100F423DB /* ManualAttViewController.swift */; };
		5358E22D28E38CD000F423DB /* customAttendTable.swift in Sources */ = {isa = PBXBuildFile; fileRef = 5358E22C28E38CD000F423DB /* customAttendTable.swift */; };
		5358E23328E72C4800F423DB /* NewCourseVC.swift in Sources */ = {isa = PBXBuildFile; fileRef = 5358E23228E72C4800F423DB /* NewCourseVC.swift */; };
		53AF1B8228DA475D00F77178 /* listOfstudent.swift in Sources */ = {isa = PBXBuildFile; fileRef = 53AF1B8128DA475D00F77178 /* listOfstudent.swift */; };
		53AF1B8428DAA95000F77178 /* listAll.swift in Sources */ = {isa = PBXBuildFile; fileRef = 53AF1B8328DAA95000F77178 /* listAll.swift */; };
		53AF1B8C28DE46D500F77178 /* girl.png in Resources */ = {isa = PBXBuildFile; fileRef = 53AF1B8B28DE46D500F77178 /* girl.png */; };
		53AF1B8F28DE67D900F77178 /* FirebaseMessaging in Frameworks */ = {isa = PBXBuildFile; productRef = 53AF1B8E28DE67D900F77178 /* FirebaseMessaging */; };
		53AF1B9528E0CF8700F77178 /* customTableviewControolerTableViewCell.swift in Sources */ = {isa = PBXBuildFile; fileRef = 53AF1B9428E0CF8700F77178 /* customTableviewControolerTableViewCell.swift */; };
		53B59CC828F76BC100977C32 /* teee.swift in Sources */ = {isa = PBXBuildFile; fileRef = 53B59CC728F76BC100977C32 /* teee.swift */; };
		53B59CCA28FAFB0F00977C32 /* StudentHaveExecution.swift in Sources */ = {isa = PBXBuildFile; fileRef = 53B59CC928FAFB0F00977C32 /* StudentHaveExecution.swift */; };
		53B59CCC28FAFCDD00977C32 /* studentHave.swift in Sources */ = {isa = PBXBuildFile; fileRef = 53B59CCB28FAFCDD00977C32 /* studentHave.swift */; };
		56C49E7328E8074B00C236CD /* CodableFirebase in Frameworks */ = {isa = PBXBuildFile; productRef = 56C49E7228E8074B00C236CD /* CodableFirebase */; };
		56C49E7528E807C300C236CD /* CodableFirebaseSupport.swift in Sources */ = {isa = PBXBuildFile; fileRef = 56C49E7428E807C300C236CD /* CodableFirebaseSupport.swift */; };
		56D7607028E8549B00D7E885 /* User.swift in Sources */ = {isa = PBXBuildFile; fileRef = 56D7606F28E8549B00D7E885 /* User.swift */; };
		A28E042428D2B088005065D9 /* pic1.png in Resources */ = {isa = PBXBuildFile; fileRef = A28E042328D2B087005065D9 /* pic1.png */; };
		A28E042628D2B0BD005065D9 /* pic2.png in Resources */ = {isa = PBXBuildFile; fileRef = A28E042528D2B0BD005065D9 /* pic2.png */; };
		F072EB3E28F99DFA005C72F7 /* StudentVC.swift in Sources */ = {isa = PBXBuildFile; fileRef = F072EB3D28F99DFA005C72F7 /* StudentVC.swift */; };
		F072EB4028F99ED0005C72F7 /* StudentCellVC.swift in Sources */ = {isa = PBXBuildFile; fileRef = F072EB3F28F99ED0005C72F7 /* StudentCellVC.swift */; };
/* End PBXBuildFile section */

/* Begin PBXFileReference section */
		34145F3528CFDF3300B073ED /* AttendlyApplication.app */ = {isa = PBXFileReference; explicitFileType = wrapper.application; includeInIndex = 0; path = AttendlyApplication.app; sourceTree = BUILT_PRODUCTS_DIR; };
		34145F3828CFDF3300B073ED /* AppDelegate.swift */ = {isa = PBXFileReference; lastKnownFileType = sourcecode.swift; path = AppDelegate.swift; sourceTree = "<group>"; };
		34145F3A28CFDF3300B073ED /* SceneDelegate.swift */ = {isa = PBXFileReference; lastKnownFileType = sourcecode.swift; path = SceneDelegate.swift; sourceTree = "<group>"; };
		34145F3C28CFDF3300B073ED /* ViewController.swift */ = {isa = PBXFileReference; lastKnownFileType = sourcecode.swift; path = ViewController.swift; sourceTree = "<group>"; };
		34145F4128CFDF3400B073ED /* Assets.xcassets */ = {isa = PBXFileReference; lastKnownFileType = folder.assetcatalog; path = Assets.xcassets; sourceTree = "<group>"; };
		34145F4428CFDF3400B073ED /* Base */ = {isa = PBXFileReference; lastKnownFileType = file.storyboard; name = Base; path = Base.lproj/LaunchScreen.storyboard; sourceTree = "<group>"; };
		34145F4628CFDF3400B073ED /* Info.plist */ = {isa = PBXFileReference; lastKnownFileType = text.plist.xml; path = Info.plist; sourceTree = "<group>"; };
		34145F5528CFE15F00B073ED /* GoogleService-Info.plist */ = {isa = PBXFileReference; fileEncoding = 4; lastKnownFileType = text.plist.xml; path = "GoogleService-Info.plist"; sourceTree = "<group>"; };
		34145F5728CFE1C100B073ED /* AttendlyApplication.entitlements */ = {isa = PBXFileReference; lastKnownFileType = text.plist.entitlements; path = AttendlyApplication.entitlements; sourceTree = "<group>"; };
		34145F5828CFED5D00B073ED /* NFChelper.swift */ = {isa = PBXFileReference; lastKnownFileType = sourcecode.swift; path = NFChelper.swift; sourceTree = "<group>"; };
		34555B7B28F7DD4000F36FA7 /* FormVC.swift */ = {isa = PBXFileReference; lastKnownFileType = sourcecode.swift; path = FormVC.swift; sourceTree = "<group>"; };
		34FCA43728EABFBB0011CB46 /* girl2.png */ = {isa = PBXFileReference; lastKnownFileType = image.png; path = girl2.png; sourceTree = "<group>"; };
		53415F2D28D1E878005DFA19 /* AdvisorVC.swift */ = {isa = PBXFileReference; fileEncoding = 4; lastKnownFileType = sourcecode.swift; path = AdvisorVC.swift; sourceTree = "<group>"; };
		53415F2F28D1E87E005DFA19 /* CurrentVC.swift */ = {isa = PBXFileReference; fileEncoding = 4; lastKnownFileType = sourcecode.swift; path = CurrentVC.swift; sourceTree = "<group>"; };
		53415F3128D1E886005DFA19 /* CheckInVC.swift */ = {isa = PBXFileReference; fileEncoding = 4; lastKnownFileType = sourcecode.swift; path = CheckInVC.swift; sourceTree = "<group>"; };
		53415F3328D1E88C005DFA19 /* ProfileViewContoller.swift */ = {isa = PBXFileReference; fileEncoding = 4; lastKnownFileType = sourcecode.swift; path = ProfileViewContoller.swift; sourceTree = "<group>"; };
		53415F3528D1E892005DFA19 /* CourseViewController.swift */ = {isa = PBXFileReference; fileEncoding = 4; lastKnownFileType = sourcecode.swift; path = CourseViewController.swift; sourceTree = "<group>"; };
		53415F3728D1E899005DFA19 /* loginController.swift */ = {isa = PBXFileReference; fileEncoding = 4; lastKnownFileType = sourcecode.swift; path = loginController.swift; sourceTree = "<group>"; };
		53415F3928D1E8A2005DFA19 /* Global.swift */ = {isa = PBXFileReference; fileEncoding = 4; lastKnownFileType = sourcecode.swift; path = Global.swift; sourceTree = "<group>"; };
		53415F3B28D1E8B6005DFA19 /* LecturerProfileVC.swift */ = {isa = PBXFileReference; fileEncoding = 4; lastKnownFileType = sourcecode.swift; path = LecturerProfileVC.swift; sourceTree = "<group>"; };
		53415F3D28D1E8C3005DFA19 /* SectionsVC.swift */ = {isa = PBXFileReference; fileEncoding = 4; lastKnownFileType = sourcecode.swift; path = SectionsVC.swift; sourceTree = "<group>"; };
		53415F3F28D1E8E3005DFA19 /* DetailsViewController.swift */ = {isa = PBXFileReference; fileEncoding = 4; lastKnownFileType = sourcecode.swift; path = DetailsViewController.swift; sourceTree = "<group>"; };
		53415F4128D1E923005DFA19 /* Main.storyboard */ = {isa = PBXFileReference; fileEncoding = 4; lastKnownFileType = file.storyboard; path = Main.storyboard; sourceTree = "<group>"; };
		53415F4728D23720005DFA19 /* Att.jpg */ = {isa = PBXFileReference; lastKnownFileType = image.jpeg; path = Att.jpg; sourceTree = "<group>"; };
		53415F4D28D8DA54005DFA19 /* readCsv.swift */ = {isa = PBXFileReference; lastKnownFileType = sourcecode.swift; path = readCsv.swift; sourceTree = "<group>"; };
		5351558928EDBBD300EFA29D /* SectionController.swift */ = {isa = PBXFileReference; lastKnownFileType = sourcecode.swift; path = SectionController.swift; sourceTree = "<group>"; };
		5351558F28EE2F9C00EFA29D /* b1.png */ = {isa = PBXFileReference; lastKnownFileType = image.png; path = b1.png; sourceTree = "<group>"; };
		5351559128F0C39F00EFA29D /* TableViewhistoryStu.swift */ = {isa = PBXFileReference; lastKnownFileType = sourcecode.swift; path = TableViewhistoryStu.swift; sourceTree = "<group>"; };
		5351559728F4D33D00EFA29D /* currentClassTableview.swift */ = {isa = PBXFileReference; lastKnownFileType = sourcecode.swift; path = currentClassTableview.swift; sourceTree = "<group>"; };
		5358E21A28E31C9200F423DB /* Notificationpublisher.swift */ = {isa = PBXFileReference; lastKnownFileType = sourcecode.swift; path = Notificationpublisher.swift; sourceTree = "<group>"; };
		5358E22028E329C000F423DB /* notificationHand.swift */ = {isa = PBXFileReference; lastKnownFileType = sourcecode.swift; path = notificationHand.swift; sourceTree = "<group>"; };
		5358E22228E3651700F423DB /* sectionLectures.swift */ = {isa = PBXFileReference; lastKnownFileType = sourcecode.swift; path = sectionLectures.swift; sourceTree = "<group>"; };
		5358E22A28E3897100F423DB /* ManualAttViewController.swift */ = {isa = PBXFileReference; lastKnownFileType = sourcecode.swift; path = ManualAttViewController.swift; sourceTree = "<group>"; };
		5358E22C28E38CD000F423DB /* customAttendTable.swift */ = {isa = PBXFileReference; lastKnownFileType = sourcecode.swift; path = customAttendTable.swift; sourceTree = "<group>"; };
		5358E23228E72C4800F423DB /* NewCourseVC.swift */ = {isa = PBXFileReference; lastKnownFileType = sourcecode.swift; path = NewCourseVC.swift; sourceTree = "<group>"; };
		53AF1B8128DA475D00F77178 /* listOfstudent.swift */ = {isa = PBXFileReference; lastKnownFileType = sourcecode.swift; path = listOfstudent.swift; sourceTree = "<group>"; };
		53AF1B8328DAA95000F77178 /* listAll.swift */ = {isa = PBXFileReference; lastKnownFileType = sourcecode.swift; path = listAll.swift; sourceTree = "<group>"; };
		53AF1B8B28DE46D500F77178 /* girl.png */ = {isa = PBXFileReference; lastKnownFileType = image.png; path = girl.png; sourceTree = "<group>"; };
		53AF1B9428E0CF8700F77178 /* customTableviewControolerTableViewCell.swift */ = {isa = PBXFileReference; lastKnownFileType = sourcecode.swift; path = customTableviewControolerTableViewCell.swift; sourceTree = "<group>"; };
		53B59CC728F76BC100977C32 /* teee.swift */ = {isa = PBXFileReference; lastKnownFileType = sourcecode.swift; path = teee.swift; sourceTree = "<group>"; };
		53B59CC928FAFB0F00977C32 /* StudentHaveExecution.swift */ = {isa = PBXFileReference; lastKnownFileType = sourcecode.swift; path = StudentHaveExecution.swift; sourceTree = "<group>"; };
		53B59CCB28FAFCDD00977C32 /* studentHave.swift */ = {isa = PBXFileReference; lastKnownFileType = sourcecode.swift; path = studentHave.swift; sourceTree = "<group>"; };
		56C49E7428E807C300C236CD /* CodableFirebaseSupport.swift */ = {isa = PBXFileReference; lastKnownFileType = sourcecode.swift; path = CodableFirebaseSupport.swift; sourceTree = "<group>"; };
		56D7606F28E8549B00D7E885 /* User.swift */ = {isa = PBXFileReference; lastKnownFileType = sourcecode.swift; path = User.swift; sourceTree = "<group>"; };
		A28E042328D2B087005065D9 /* pic1.png */ = {isa = PBXFileReference; lastKnownFileType = image.png; name = pic1.png; path = ../../pic1.png; sourceTree = "<group>"; };
		A28E042528D2B0BD005065D9 /* pic2.png */ = {isa = PBXFileReference; lastKnownFileType = image.png; name = pic2.png; path = ../../pic2.png; sourceTree = "<group>"; };
		F072EB3D28F99DFA005C72F7 /* StudentVC.swift */ = {isa = PBXFileReference; lastKnownFileType = sourcecode.swift; path = StudentVC.swift; sourceTree = "<group>"; };
		F072EB3F28F99ED0005C72F7 /* StudentCellVC.swift */ = {isa = PBXFileReference; lastKnownFileType = sourcecode.swift; path = StudentCellVC.swift; sourceTree = "<group>"; };
/* End PBXFileReference section */

/* Begin PBXFrameworksBuildPhase section */
		34145F3228CFDF3300B073ED /* Frameworks */ = {
			isa = PBXFrameworksBuildPhase;
			buildActionMask = 2147483647;
			files = (
				56C49E7328E8074B00C236CD /* CodableFirebase in Frameworks */,
				34145F4E28CFE0E000B073ED /* FirebaseAuth in Frameworks */,
				34145F5428CFE0E000B073ED /* FirebaseStorage in Frameworks */,
				53AF1B8F28DE67D900F77178 /* FirebaseMessaging in Frameworks */,
				34145F5028CFE0E000B073ED /* FirebaseFirestore in Frameworks */,
				34145F5228CFE0E000B073ED /* FirebaseFirestoreSwift in Frameworks */,
			);
			runOnlyForDeploymentPostprocessing = 0;
		};
/* End PBXFrameworksBuildPhase section */

/* Begin PBXGroup section */
		34145F2C28CFDF3200B073ED = {
			isa = PBXGroup;
			children = (
				53B59CCB28FAFCDD00977C32 /* studentHave.swift */,
				53B59CC928FAFB0F00977C32 /* StudentHaveExecution.swift */,
				F072EB3F28F99ED0005C72F7 /* StudentCellVC.swift */,
				F072EB3D28F99DFA005C72F7 /* StudentVC.swift */,
				53B59CC728F76BC100977C32 /* teee.swift */,
				5351559728F4D33D00EFA29D /* currentClassTableview.swift */,
				5351559128F0C39F00EFA29D /* TableViewhistoryStu.swift */,
				5351558928EDBBD300EFA29D /* SectionController.swift */,
				53AF1B9428E0CF8700F77178 /* customTableviewControolerTableViewCell.swift */,
				5358E22C28E38CD000F423DB /* customAttendTable.swift */,
				34145F3728CFDF3300B073ED /* AttendlyApplication */,
				34145F3628CFDF3300B073ED /* Products */,
			);
			sourceTree = "<group>";
		};
		34145F3628CFDF3300B073ED /* Products */ = {
			isa = PBXGroup;
			children = (
				34145F3528CFDF3300B073ED /* AttendlyApplication.app */,
			);
			name = Products;
			sourceTree = "<group>";
		};
		34145F3728CFDF3300B073ED /* AttendlyApplication */ = {
			isa = PBXGroup;
			children = (
				34145F5728CFE1C100B073ED /* AttendlyApplication.entitlements */,
				34145F3828CFDF3300B073ED /* AppDelegate.swift */,
				34145F3A28CFDF3300B073ED /* SceneDelegate.swift */,
				56C49E7428E807C300C236CD /* CodableFirebaseSupport.swift */,
				34145F3C28CFDF3300B073ED /* ViewController.swift */,
				53415F3D28D1E8C3005DFA19 /* SectionsVC.swift */,
				5358E22228E3651700F423DB /* sectionLectures.swift */,
				53415F4128D1E923005DFA19 /* Main.storyboard */,
				53AF1B8328DAA95000F77178 /* listAll.swift */,
				34555B7B28F7DD4000F36FA7 /* FormVC.swift */,
				5358E22A28E3897100F423DB /* ManualAttViewController.swift */,
				53415F2D28D1E878005DFA19 /* AdvisorVC.swift */,
				53415F3128D1E886005DFA19 /* CheckInVC.swift */,
				53415F2F28D1E87E005DFA19 /* CurrentVC.swift */,
				53AF1B8128DA475D00F77178 /* listOfstudent.swift */,
				34145F5828CFED5D00B073ED /* NFChelper.swift */,
				53415F3328D1E88C005DFA19 /* ProfileViewContoller.swift */,
				53415F3728D1E899005DFA19 /* loginController.swift */,
				53415F3928D1E8A2005DFA19 /* Global.swift */,
				53415F3B28D1E8B6005DFA19 /* LecturerProfileVC.swift */,
				56D7606F28E8549B00D7E885 /* User.swift */,
				53415F3528D1E892005DFA19 /* CourseViewController.swift */,
				53415F4D28D8DA54005DFA19 /* readCsv.swift */,
				5358E23228E72C4800F423DB /* NewCourseVC.swift */,
				53415F3F28D1E8E3005DFA19 /* DetailsViewController.swift */,
				5358E21A28E31C9200F423DB /* Notificationpublisher.swift */,
				5358E22028E329C000F423DB /* notificationHand.swift */,
				34145F4128CFDF3400B073ED /* Assets.xcassets */,
				A28E042328D2B087005065D9 /* pic1.png */,
				5351558F28EE2F9C00EFA29D /* b1.png */,
				34FCA43728EABFBB0011CB46 /* girl2.png */,
				A28E042528D2B0BD005065D9 /* pic2.png */,
				53AF1B8B28DE46D500F77178 /* girl.png */,
				53415F4728D23720005DFA19 /* Att.jpg */,
				34145F4328CFDF3400B073ED /* LaunchScreen.storyboard */,
				34145F4628CFDF3400B073ED /* Info.plist */,
				34145F5528CFE15F00B073ED /* GoogleService-Info.plist */,
			);
			path = AttendlyApplication;
			sourceTree = "<group>";
		};
/* End PBXGroup section */

/* Begin PBXNativeTarget section */
		34145F3428CFDF3300B073ED /* AttendlyApplication */ = {
			isa = PBXNativeTarget;
			buildConfigurationList = 34145F4928CFDF3400B073ED /* Build configuration list for PBXNativeTarget "AttendlyApplication" */;
			buildPhases = (
				34145F3128CFDF3300B073ED /* Sources */,
				34145F3228CFDF3300B073ED /* Frameworks */,
				34145F3328CFDF3300B073ED /* Resources */,
			);
			buildRules = (
			);
			dependencies = (
			);
			name = AttendlyApplication;
			packageProductDependencies = (
				34145F4D28CFE0E000B073ED /* FirebaseAuth */,
				34145F4F28CFE0E000B073ED /* FirebaseFirestore */,
				34145F5128CFE0E000B073ED /* FirebaseFirestoreSwift */,
				34145F5328CFE0E000B073ED /* FirebaseStorage */,
				53AF1B8E28DE67D900F77178 /* FirebaseMessaging */,
				56C49E7228E8074B00C236CD /* CodableFirebase */,
			);
			productName = AttendlyApplication;
			productReference = 34145F3528CFDF3300B073ED /* AttendlyApplication.app */;
			productType = "com.apple.product-type.application";
		};
/* End PBXNativeTarget section */

/* Begin PBXProject section */
		34145F2D28CFDF3200B073ED /* Project object */ = {
			isa = PBXProject;
			attributes = {
				BuildIndependentTargetsInParallel = 1;
				LastSwiftUpdateCheck = 1340;
				LastUpgradeCheck = 1340;
				TargetAttributes = {
					34145F3428CFDF3300B073ED = {
						CreatedOnToolsVersion = 13.4.1;
					};
				};
			};
			buildConfigurationList = 34145F3028CFDF3200B073ED /* Build configuration list for PBXProject "AttendlyApplication" */;
			compatibilityVersion = "Xcode 13.0";
			developmentRegion = en;
			hasScannedForEncodings = 0;
			knownRegions = (
				en,
				Base,
			);
			mainGroup = 34145F2C28CFDF3200B073ED;
			packageReferences = (
				34145F4C28CFE0E000B073ED /* XCRemoteSwiftPackageReference "firebase-ios-sdk" */,
				53AF1B8D28DE67D900F77178 /* XCRemoteSwiftPackageReference "firebase-ios-sdk" */,
				56C49E7128E8074B00C236CD /* XCRemoteSwiftPackageReference "CodableFirebase" */,
			);
			productRefGroup = 34145F3628CFDF3300B073ED /* Products */;
			projectDirPath = "";
			projectRoot = "";
			targets = (
				34145F3428CFDF3300B073ED /* AttendlyApplication */,
			);
		};
/* End PBXProject section */

/* Begin PBXResourcesBuildPhase section */
		34145F3328CFDF3300B073ED /* Resources */ = {
			isa = PBXResourcesBuildPhase;
			buildActionMask = 2147483647;
			files = (
				5351559028EE2F9C00EFA29D /* b1.png in Resources */,
				34145F4528CFDF3400B073ED /* LaunchScreen.storyboard in Resources */,
				34FCA43828EABFBB0011CB46 /* girl2.png in Resources */,
				53AF1B8C28DE46D500F77178 /* girl.png in Resources */,
				53415F4228D1E923005DFA19 /* Main.storyboard in Resources */,
				A28E042628D2B0BD005065D9 /* pic2.png in Resources */,
				34145F5628CFE15F00B073ED /* GoogleService-Info.plist in Resources */,
				53415F4828D23721005DFA19 /* Att.jpg in Resources */,
				34145F4228CFDF3400B073ED /* Assets.xcassets in Resources */,
				A28E042428D2B088005065D9 /* pic1.png in Resources */,
			);
			runOnlyForDeploymentPostprocessing = 0;
		};
/* End PBXResourcesBuildPhase section */

/* Begin PBXSourcesBuildPhase section */
		34145F3128CFDF3300B073ED /* Sources */ = {
			isa = PBXSourcesBuildPhase;
			buildActionMask = 2147483647;
			files = (
				53B59CCA28FAFB0F00977C32 /* StudentHaveExecution.swift in Sources */,
				56D7607028E8549B00D7E885 /* User.swift in Sources */,
				5351559228F0C39F00EFA29D /* TableViewhistoryStu.swift in Sources */,
				5358E23328E72C4800F423DB /* NewCourseVC.swift in Sources */,
				53415F3C28D1E8B7005DFA19 /* LecturerProfileVC.swift in Sources */,
				5358E22D28E38CD000F423DB /* customAttendTable.swift in Sources */,
				53415F3028D1E87E005DFA19 /* CurrentVC.swift in Sources */,
				53415F3828D1E899005DFA19 /* loginController.swift in Sources */,
				53B59CCC28FAFCDD00977C32 /* studentHave.swift in Sources */,
				53415F3E28D1E8C3005DFA19 /* SectionsVC.swift in Sources */,
				34145F3D28CFDF3300B073ED /* ViewController.swift in Sources */,
				5351559828F4D33F00EFA29D /* currentClassTableview.swift in Sources */,
				F072EB3E28F99DFA005C72F7 /* StudentVC.swift in Sources */,
				53415F3628D1E893005DFA19 /* CourseViewController.swift in Sources */,
				53AF1B8228DA475D00F77178 /* listOfstudent.swift in Sources */,
				34145F5928CFED5D00B073ED /* NFChelper.swift in Sources */,
				5358E22B28E3897100F423DB /* ManualAttViewController.swift in Sources */,
				53B59CC828F76BC100977C32 /* teee.swift in Sources */,
				F072EB4028F99ED0005C72F7 /* StudentCellVC.swift in Sources */,
				34145F3928CFDF3300B073ED /* AppDelegate.swift in Sources */,
				53AF1B9528E0CF8700F77178 /* customTableviewControolerTableViewCell.swift in Sources */,
				53415F3A28D1E8A2005DFA19 /* Global.swift in Sources */,
				5358E21B28E31C9200F423DB /* Notificationpublisher.swift in Sources */,
				53415F3228D1E886005DFA19 /* CheckInVC.swift in Sources */,
				53415F2E28D1E878005DFA19 /* AdvisorVC.swift in Sources */,
				34555B7C28F7DD4000F36FA7 /* FormVC.swift in Sources */,
				53415F4028D1E8E3005DFA19 /* DetailsViewController.swift in Sources */,
				5358E22128E329C000F423DB /* notificationHand.swift in Sources */,
				5358E22328E3651700F423DB /* sectionLectures.swift in Sources */,
				53415F4E28D8DA54005DFA19 /* readCsv.swift in Sources */,
				34145F3B28CFDF3300B073ED /* SceneDelegate.swift in Sources */,
				5351558A28EDBBD300EFA29D /* SectionController.swift in Sources */,
				53415F3428D1E88C005DFA19 /* ProfileViewContoller.swift in Sources */,
				56C49E7528E807C300C236CD /* CodableFirebaseSupport.swift in Sources */,
				53AF1B8428DAA95000F77178 /* listAll.swift in Sources */,
			);
			runOnlyForDeploymentPostprocessing = 0;
		};
/* End PBXSourcesBuildPhase section */

/* Begin PBXVariantGroup section */
		34145F4328CFDF3400B073ED /* LaunchScreen.storyboard */ = {
			isa = PBXVariantGroup;
			children = (
				34145F4428CFDF3400B073ED /* Base */,
			);
			name = LaunchScreen.storyboard;
			sourceTree = "<group>";
		};
/* End PBXVariantGroup section */

/* Begin XCBuildConfiguration section */
		34145F4728CFDF3400B073ED /* Debug */ = {
			isa = XCBuildConfiguration;
			buildSettings = {
				ALWAYS_SEARCH_USER_PATHS = NO;
				CLANG_ANALYZER_NONNULL = YES;
				CLANG_ANALYZER_NUMBER_OBJECT_CONVERSION = YES_AGGRESSIVE;
				CLANG_CXX_LANGUAGE_STANDARD = "gnu++17";
				CLANG_ENABLE_MODULES = YES;
				CLANG_ENABLE_OBJC_ARC = YES;
				CLANG_ENABLE_OBJC_WEAK = YES;
				CLANG_WARN_BLOCK_CAPTURE_AUTORELEASING = YES;
				CLANG_WARN_BOOL_CONVERSION = YES;
				CLANG_WARN_COMMA = YES;
				CLANG_WARN_CONSTANT_CONVERSION = YES;
				CLANG_WARN_DEPRECATED_OBJC_IMPLEMENTATIONS = YES;
				CLANG_WARN_DIRECT_OBJC_ISA_USAGE = YES_ERROR;
				CLANG_WARN_DOCUMENTATION_COMMENTS = YES;
				CLANG_WARN_EMPTY_BODY = YES;
				CLANG_WARN_ENUM_CONVERSION = YES;
				CLANG_WARN_INFINITE_RECURSION = YES;
				CLANG_WARN_INT_CONVERSION = YES;
				CLANG_WARN_NON_LITERAL_NULL_CONVERSION = YES;
				CLANG_WARN_OBJC_IMPLICIT_RETAIN_SELF = YES;
				CLANG_WARN_OBJC_LITERAL_CONVERSION = YES;
				CLANG_WARN_OBJC_ROOT_CLASS = YES_ERROR;
				CLANG_WARN_QUOTED_INCLUDE_IN_FRAMEWORK_HEADER = YES;
				CLANG_WARN_RANGE_LOOP_ANALYSIS = YES;
				CLANG_WARN_STRICT_PROTOTYPES = YES;
				CLANG_WARN_SUSPICIOUS_MOVE = YES;
				CLANG_WARN_UNGUARDED_AVAILABILITY = YES_AGGRESSIVE;
				CLANG_WARN_UNREACHABLE_CODE = YES;
				CLANG_WARN__DUPLICATE_METHOD_MATCH = YES;
				COPY_PHASE_STRIP = NO;
				DEBUG_INFORMATION_FORMAT = dwarf;
				ENABLE_STRICT_OBJC_MSGSEND = YES;
				ENABLE_TESTABILITY = YES;
				GCC_C_LANGUAGE_STANDARD = gnu11;
				GCC_DYNAMIC_NO_PIC = NO;
				GCC_NO_COMMON_BLOCKS = YES;
				GCC_OPTIMIZATION_LEVEL = 0;
				GCC_PREPROCESSOR_DEFINITIONS = (
					"DEBUG=1",
					"$(inherited)",
				);
				GCC_WARN_64_TO_32_BIT_CONVERSION = YES;
				GCC_WARN_ABOUT_RETURN_TYPE = YES_ERROR;
				GCC_WARN_UNDECLARED_SELECTOR = YES;
				GCC_WARN_UNINITIALIZED_AUTOS = YES_AGGRESSIVE;
				GCC_WARN_UNUSED_FUNCTION = YES;
				GCC_WARN_UNUSED_VARIABLE = YES;
				IPHONEOS_DEPLOYMENT_TARGET = 15.5;
				MTL_ENABLE_DEBUG_INFO = INCLUDE_SOURCE;
				MTL_FAST_MATH = YES;
				ONLY_ACTIVE_ARCH = YES;
				SDKROOT = iphoneos;
				SWIFT_ACTIVE_COMPILATION_CONDITIONS = DEBUG;
				SWIFT_OPTIMIZATION_LEVEL = "-Onone";
			};
			name = Debug;
		};
		34145F4828CFDF3400B073ED /* Release */ = {
			isa = XCBuildConfiguration;
			buildSettings = {
				ALWAYS_SEARCH_USER_PATHS = NO;
				CLANG_ANALYZER_NONNULL = YES;
				CLANG_ANALYZER_NUMBER_OBJECT_CONVERSION = YES_AGGRESSIVE;
				CLANG_CXX_LANGUAGE_STANDARD = "gnu++17";
				CLANG_ENABLE_MODULES = YES;
				CLANG_ENABLE_OBJC_ARC = YES;
				CLANG_ENABLE_OBJC_WEAK = YES;
				CLANG_WARN_BLOCK_CAPTURE_AUTORELEASING = YES;
				CLANG_WARN_BOOL_CONVERSION = YES;
				CLANG_WARN_COMMA = YES;
				CLANG_WARN_CONSTANT_CONVERSION = YES;
				CLANG_WARN_DEPRECATED_OBJC_IMPLEMENTATIONS = YES;
				CLANG_WARN_DIRECT_OBJC_ISA_USAGE = YES_ERROR;
				CLANG_WARN_DOCUMENTATION_COMMENTS = YES;
				CLANG_WARN_EMPTY_BODY = YES;
				CLANG_WARN_ENUM_CONVERSION = YES;
				CLANG_WARN_INFINITE_RECURSION = YES;
				CLANG_WARN_INT_CONVERSION = YES;
				CLANG_WARN_NON_LITERAL_NULL_CONVERSION = YES;
				CLANG_WARN_OBJC_IMPLICIT_RETAIN_SELF = YES;
				CLANG_WARN_OBJC_LITERAL_CONVERSION = YES;
				CLANG_WARN_OBJC_ROOT_CLASS = YES_ERROR;
				CLANG_WARN_QUOTED_INCLUDE_IN_FRAMEWORK_HEADER = YES;
				CLANG_WARN_RANGE_LOOP_ANALYSIS = YES;
				CLANG_WARN_STRICT_PROTOTYPES = YES;
				CLANG_WARN_SUSPICIOUS_MOVE = YES;
				CLANG_WARN_UNGUARDED_AVAILABILITY = YES_AGGRESSIVE;
				CLANG_WARN_UNREACHABLE_CODE = YES;
				CLANG_WARN__DUPLICATE_METHOD_MATCH = YES;
				COPY_PHASE_STRIP = NO;
				DEBUG_INFORMATION_FORMAT = "dwarf-with-dsym";
				ENABLE_NS_ASSERTIONS = NO;
				ENABLE_STRICT_OBJC_MSGSEND = YES;
				GCC_C_LANGUAGE_STANDARD = gnu11;
				GCC_NO_COMMON_BLOCKS = YES;
				GCC_WARN_64_TO_32_BIT_CONVERSION = YES;
				GCC_WARN_ABOUT_RETURN_TYPE = YES_ERROR;
				GCC_WARN_UNDECLARED_SELECTOR = YES;
				GCC_WARN_UNINITIALIZED_AUTOS = YES_AGGRESSIVE;
				GCC_WARN_UNUSED_FUNCTION = YES;
				GCC_WARN_UNUSED_VARIABLE = YES;
				IPHONEOS_DEPLOYMENT_TARGET = 15.5;
				MTL_ENABLE_DEBUG_INFO = NO;
				MTL_FAST_MATH = YES;
				SDKROOT = iphoneos;
				SWIFT_COMPILATION_MODE = wholemodule;
				SWIFT_OPTIMIZATION_LEVEL = "-O";
				VALIDATE_PRODUCT = YES;
			};
			name = Release;
		};
		34145F4A28CFDF3400B073ED /* Debug */ = {
			isa = XCBuildConfiguration;
			buildSettings = {
				ASSETCATALOG_COMPILER_APPICON_NAME = AppIcon;
				ASSETCATALOG_COMPILER_GLOBAL_ACCENT_COLOR_NAME = AccentColor;
				CODE_SIGN_ENTITLEMENTS = AttendlyApplication/AttendlyApplication.entitlements;
				CODE_SIGN_STYLE = Automatic;
				CURRENT_PROJECT_VERSION = 1;
				DEVELOPMENT_TEAM = TRZFVT4Q63;
				GENERATE_INFOPLIST_FILE = YES;
				INFOPLIST_FILE = AttendlyApplication/Info.plist;
				INFOPLIST_KEY_LSApplicationCategoryType = "";
				INFOPLIST_KEY_NFCReaderUsageDescription = "use to read nfc tag";
				INFOPLIST_KEY_UIApplicationSupportsIndirectInputEvents = YES;
				INFOPLIST_KEY_UILaunchStoryboardName = LaunchScreen;
				INFOPLIST_KEY_UIMainStoryboardFile = Main;
				INFOPLIST_KEY_UISupportedInterfaceOrientations_iPad = "UIInterfaceOrientationPortrait UIInterfaceOrientationPortraitUpsideDown UIInterfaceOrientationLandscapeLeft UIInterfaceOrientationLandscapeRight";
				INFOPLIST_KEY_UISupportedInterfaceOrientations_iPhone = "UIInterfaceOrientationPortrait UIInterfaceOrientationLandscapeLeft UIInterfaceOrientationLandscapeRight";
				LD_RUNPATH_SEARCH_PATHS = (
					"$(inherited)",
					"@executable_path/Frameworks",
				);
				MARKETING_VERSION = 1.0;
				PRODUCT_BUNDLE_IDENTIFIER = com.software.AttendlyApplication;
				PRODUCT_NAME = "$(TARGET_NAME)";
				SWIFT_EMIT_LOC_STRINGS = YES;
				SWIFT_VERSION = 5.0;
				TARGETED_DEVICE_FAMILY = "1,2";
			};
			name = Debug;
		};
		34145F4B28CFDF3400B073ED /* Release */ = {
			isa = XCBuildConfiguration;
			buildSettings = {
				ASSETCATALOG_COMPILER_APPICON_NAME = AppIcon;
				ASSETCATALOG_COMPILER_GLOBAL_ACCENT_COLOR_NAME = AccentColor;
				CODE_SIGN_ENTITLEMENTS = AttendlyApplication/AttendlyApplication.entitlements;
				CODE_SIGN_STYLE = Automatic;
				CURRENT_PROJECT_VERSION = 1;
				DEVELOPMENT_TEAM = TRZFVT4Q63;
				GENERATE_INFOPLIST_FILE = YES;
				INFOPLIST_FILE = AttendlyApplication/Info.plist;
				INFOPLIST_KEY_LSApplicationCategoryType = "";
				INFOPLIST_KEY_NFCReaderUsageDescription = "use to read nfc tag";
				INFOPLIST_KEY_UIApplicationSupportsIndirectInputEvents = YES;
				INFOPLIST_KEY_UILaunchStoryboardName = LaunchScreen;
				INFOPLIST_KEY_UIMainStoryboardFile = Main;
				INFOPLIST_KEY_UISupportedInterfaceOrientations_iPad = "UIInterfaceOrientationPortrait UIInterfaceOrientationPortraitUpsideDown UIInterfaceOrientationLandscapeLeft UIInterfaceOrientationLandscapeRight";
				INFOPLIST_KEY_UISupportedInterfaceOrientations_iPhone = "UIInterfaceOrientationPortrait UIInterfaceOrientationLandscapeLeft UIInterfaceOrientationLandscapeRight";
				LD_RUNPATH_SEARCH_PATHS = (
					"$(inherited)",
					"@executable_path/Frameworks",
				);
				MARKETING_VERSION = 1.0;
				PRODUCT_BUNDLE_IDENTIFIER = com.software.AttendlyApplication;
				PRODUCT_NAME = "$(TARGET_NAME)";
				SWIFT_EMIT_LOC_STRINGS = YES;
				SWIFT_VERSION = 5.0;
				TARGETED_DEVICE_FAMILY = "1,2";
			};
			name = Release;
		};
/* End XCBuildConfiguration section */

/* Begin XCConfigurationList section */
		34145F3028CFDF3200B073ED /* Build configuration list for PBXProject "AttendlyApplication" */ = {
			isa = XCConfigurationList;
			buildConfigurations = (
				34145F4728CFDF3400B073ED /* Debug */,
				34145F4828CFDF3400B073ED /* Release */,
			);
			defaultConfigurationIsVisible = 0;
			defaultConfigurationName = Release;
		};
		34145F4928CFDF3400B073ED /* Build configuration list for PBXNativeTarget "AttendlyApplication" */ = {
			isa = XCConfigurationList;
			buildConfigurations = (
				34145F4A28CFDF3400B073ED /* Debug */,
				34145F4B28CFDF3400B073ED /* Release */,
			);
			defaultConfigurationIsVisible = 0;
			defaultConfigurationName = Release;
		};
/* End XCConfigurationList section */

/* Begin XCRemoteSwiftPackageReference section */
		34145F4C28CFE0E000B073ED /* XCRemoteSwiftPackageReference "firebase-ios-sdk" */ = {
			isa = XCRemoteSwiftPackageReference;
			repositoryURL = "https://github.com/firebase/firebase-ios-sdk";
			requirement = {
				kind = upToNextMajorVersion;
				minimumVersion = 9.0.0;
			};
		};
		53AF1B8D28DE67D900F77178 /* XCRemoteSwiftPackageReference "firebase-ios-sdk" */ = {
			isa = XCRemoteSwiftPackageReference;
			repositoryURL = "https://github.com/firebase/firebase-ios-sdk";
			requirement = {
				kind = upToNextMajorVersion;
				minimumVersion = 9.0.0;
			};
		};
		56C49E7128E8074B00C236CD /* XCRemoteSwiftPackageReference "CodableFirebase" */ = {
			isa = XCRemoteSwiftPackageReference;
			repositoryURL = "https://github.com/alickbass/CodableFirebase";
			requirement = {
				branch = master;
				kind = branch;
			};
		};
/* End XCRemoteSwiftPackageReference section */

/* Begin XCSwiftPackageProductDependency section */
		34145F4D28CFE0E000B073ED /* FirebaseAuth */ = {
			isa = XCSwiftPackageProductDependency;
			package = 34145F4C28CFE0E000B073ED /* XCRemoteSwiftPackageReference "firebase-ios-sdk" */;
			productName = FirebaseAuth;
		};
		34145F4F28CFE0E000B073ED /* FirebaseFirestore */ = {
			isa = XCSwiftPackageProductDependency;
			package = 34145F4C28CFE0E000B073ED /* XCRemoteSwiftPackageReference "firebase-ios-sdk" */;
			productName = FirebaseFirestore;
		};
		34145F5128CFE0E000B073ED /* FirebaseFirestoreSwift */ = {
			isa = XCSwiftPackageProductDependency;
			package = 34145F4C28CFE0E000B073ED /* XCRemoteSwiftPackageReference "firebase-ios-sdk" */;
			productName = FirebaseFirestoreSwift;
		};
		34145F5328CFE0E000B073ED /* FirebaseStorage */ = {
			isa = XCSwiftPackageProductDependency;
			package = 34145F4C28CFE0E000B073ED /* XCRemoteSwiftPackageReference "firebase-ios-sdk" */;
			productName = FirebaseStorage;
		};
		53AF1B8E28DE67D900F77178 /* FirebaseMessaging */ = {
			isa = XCSwiftPackageProductDependency;
			package = 34145F4C28CFE0E000B073ED /* XCRemoteSwiftPackageReference "firebase-ios-sdk" */;
			productName = FirebaseMessaging;
		};
		56C49E7228E8074B00C236CD /* CodableFirebase */ = {
			isa = XCSwiftPackageProductDependency;
			package = 56C49E7128E8074B00C236CD /* XCRemoteSwiftPackageReference "CodableFirebase" */;
			productName = CodableFirebase;
		};
/* End XCSwiftPackageProductDependency section */
	};
	rootObject = 34145F2D28CFDF3200B073ED /* Project object */;
}
